
Microsoft Visual Studio Solution File, Format Version 12.00
# Visual Studio 2013
VisualStudioVersion = 12.0.21005.1
MinimumVisualStudioVersion = 10.0.40219.1
Project("{FAE04EC0-301F-11D3-BF4B-00C04F79EFBC}") = "GradeFinderConsoleApp", "GradeFinderConsoleApp\GradeFinderConsoleApp.csproj", "{EAB7B1EF-31F9-4755-9C46-778B3C66461A}"
EndProject
Global
	GlobalSection(SolutionConfigurationPlatforms) = preSolution
		Debug|Any CPU = Debug|Any CPU
		Release|Any CPU = Release|Any CPU
	EndGlobalSection
	GlobalSection(ProjectConfigurationPlatforms) = postSolution
		{EAB7B1EF-31F9-4755-9C46-778B3C66461A}.Debug|Any CPU.ActiveCfg = Debug|Any CPU
		{EAB7B1EF-31F9-4755-9C46-778B3C66461A}.Debug|Any CPU.Build.0 = Debug|Any CPU
		{EAB7B1EF-31F9-4755-9C46-778B3C66461A}.Release|Any CPU.ActiveCfg = Release|Any CPU
		{EAB7B1EF-31F9-4755-9C46-778B3C66461A}.Release|Any CPU.Build.0 = Release|Any CPU
	EndGlobalSection
	GlobalSection(SolutionProperties) = preSolution
		HideSolutionNode = FALSE
	EndGlobalSection
EndGlobal
